// !$*UTF8*$!
{
	archiveVersion = 1;
	classes = {
	};
	objectVersion = 50;
	objects = {

/* Begin PBXBuildFile section */
		47FEEC2D230F3A9C0003B6C2 /* AppDelegate.swift in Sources */ = {isa = PBXBuildFile; fileRef = 47FEEC2C230F3A9C0003B6C2 /* AppDelegate.swift */; };
		47FEEC2F230F3A9C0003B6C2 /* MainViewController.swift in Sources */ = {isa = PBXBuildFile; fileRef = 47FEEC2E230F3A9C0003B6C2 /* MainViewController.swift */; };
		47FEEC32230F3A9C0003B6C2 /* Main.storyboard in Resources */ = {isa = PBXBuildFile; fileRef = 47FEEC30230F3A9C0003B6C2 /* Main.storyboard */; };
		47FEEC34230F3A9D0003B6C2 /* Assets.xcassets in Resources */ = {isa = PBXBuildFile; fileRef = 47FEEC33230F3A9D0003B6C2 /* Assets.xcassets */; };
		47FEEC37230F3A9D0003B6C2 /* LaunchScreen.storyboard in Resources */ = {isa = PBXBuildFile; fileRef = 47FEEC35230F3A9D0003B6C2 /* LaunchScreen.storyboard */; };
		47FEEC3F230FF2A50003B6C2 /* WeatherData.swift in Sources */ = {isa = PBXBuildFile; fileRef = 47FEEC3E230FF2A50003B6C2 /* WeatherData.swift */; };
		47FEEC4123118BB60003B6C2 /* UIColor.swift in Sources */ = {isa = PBXBuildFile; fileRef = 47FEEC4023118BB60003B6C2 /* UIColor.swift */; };
		47FEEC432311CA6F0003B6C2 /* StringProtocol.swift in Sources */ = {isa = PBXBuildFile; fileRef = 47FEEC422311CA6F0003B6C2 /* StringProtocol.swift */; };
		47FEEC452311D78B0003B6C2 /* UIImage.swift in Sources */ = {isa = PBXBuildFile; fileRef = 47FEEC442311D78B0003B6C2 /* UIImage.swift */; };
		47FEEC492312BA5A0003B6C2 /* URLSession.swift in Sources */ = {isa = PBXBuildFile; fileRef = 47FEEC482312BA5A0003B6C2 /* URLSession.swift */; };
		47FEEC4F2312C77E0003B6C2 /* UVIndexData.swift in Sources */ = {isa = PBXBuildFile; fileRef = 47FEEC4E2312C77E0003B6C2 /* UVIndexData.swift */; };
		47FEEC51231473670003B6C2 /* HistoryViewController.swift in Sources */ = {isa = PBXBuildFile; fileRef = 47FEEC50231473670003B6C2 /* HistoryViewController.swift */; };
		47FEEC532314739C0003B6C2 /* HistoryTableViewCell.swift in Sources */ = {isa = PBXBuildFile; fileRef = 47FEEC522314739C0003B6C2 /* HistoryTableViewCell.swift */; };
		47FEEC56231473FC0003B6C2 /* Constant.swift in Sources */ = {isa = PBXBuildFile; fileRef = 47FEEC55231473FC0003B6C2 /* Constant.swift */; };
		47FEEC5B2314951E0003B6C2 /* Weather.xcdatamodeld in Sources */ = {isa = PBXBuildFile; fileRef = 47FEEC592314951E0003B6C2 /* Weather.xcdatamodeld */; };
/* End PBXBuildFile section */

/* Begin PBXFileReference section */
		47FEEC29230F3A9C0003B6C2 /* Weather.app */ = {isa = PBXFileReference; explicitFileType = wrapper.application; includeInIndex = 0; path = Weather.app; sourceTree = BUILT_PRODUCTS_DIR; };
		47FEEC2C230F3A9C0003B6C2 /* AppDelegate.swift */ = {isa = PBXFileReference; lastKnownFileType = sourcecode.swift; path = AppDelegate.swift; sourceTree = "<group>"; };
		47FEEC2E230F3A9C0003B6C2 /* MainViewController.swift */ = {isa = PBXFileReference; lastKnownFileType = sourcecode.swift; path = MainViewController.swift; sourceTree = "<group>"; };
		47FEEC31230F3A9C0003B6C2 /* Base */ = {isa = PBXFileReference; lastKnownFileType = file.storyboard; name = Base; path = Base.lproj/Main.storyboard; sourceTree = "<group>"; };
		47FEEC33230F3A9D0003B6C2 /* Assets.xcassets */ = {isa = PBXFileReference; lastKnownFileType = folder.assetcatalog; path = Assets.xcassets; sourceTree = "<group>"; };
		47FEEC36230F3A9D0003B6C2 /* Base */ = {isa = PBXFileReference; lastKnownFileType = file.storyboard; name = Base; path = Base.lproj/LaunchScreen.storyboard; sourceTree = "<group>"; };
		47FEEC38230F3A9D0003B6C2 /* Info.plist */ = {isa = PBXFileReference; lastKnownFileType = text.plist.xml; path = Info.plist; sourceTree = "<group>"; };
		47FEEC3E230FF2A50003B6C2 /* WeatherData.swift */ = {isa = PBXFileReference; lastKnownFileType = sourcecode.swift; path = WeatherData.swift; sourceTree = "<group>"; };
		47FEEC4023118BB60003B6C2 /* UIColor.swift */ = {isa = PBXFileReference; lastKnownFileType = sourcecode.swift; path = UIColor.swift; sourceTree = "<group>"; };
		47FEEC422311CA6F0003B6C2 /* StringProtocol.swift */ = {isa = PBXFileReference; lastKnownFileType = sourcecode.swift; path = StringProtocol.swift; sourceTree = "<group>"; };
		47FEEC442311D78B0003B6C2 /* UIImage.swift */ = {isa = PBXFileReference; lastKnownFileType = sourcecode.swift; path = UIImage.swift; sourceTree = "<group>"; };
		47FEEC482312BA5A0003B6C2 /* URLSession.swift */ = {isa = PBXFileReference; lastKnownFileType = sourcecode.swift; path = URLSession.swift; sourceTree = "<group>"; };
		47FEEC4E2312C77E0003B6C2 /* UVIndexData.swift */ = {isa = PBXFileReference; lastKnownFileType = sourcecode.swift; path = UVIndexData.swift; sourceTree = "<group>"; };
		47FEEC50231473670003B6C2 /* HistoryViewController.swift */ = {isa = PBXFileReference; lastKnownFileType = sourcecode.swift; path = HistoryViewController.swift; sourceTree = "<group>"; };
		47FEEC522314739C0003B6C2 /* HistoryTableViewCell.swift */ = {isa = PBXFileReference; lastKnownFileType = sourcecode.swift; path = HistoryTableViewCell.swift; sourceTree = "<group>"; };
		47FEEC55231473FC0003B6C2 /* Constant.swift */ = {isa = PBXFileReference; lastKnownFileType = sourcecode.swift; path = Constant.swift; sourceTree = "<group>"; };
		47FEEC5A2314951E0003B6C2 /* Weather.xcdatamodel */ = {isa = PBXFileReference; lastKnownFileType = wrapper.xcdatamodel; path = Weather.xcdatamodel; sourceTree = "<group>"; };
/* End PBXFileReference section */

/* Begin PBXFrameworksBuildPhase section */
		47FEEC26230F3A9C0003B6C2 /* Frameworks */ = {
			isa = PBXFrameworksBuildPhase;
			buildActionMask = 2147483647;
			files = (
			);
			runOnlyForDeploymentPostprocessing = 0;
		};
/* End PBXFrameworksBuildPhase section */

/* Begin PBXGroup section */
		47FEEC20230F3A9C0003B6C2 = {
			isa = PBXGroup;
			children = (
				47FEEC2B230F3A9C0003B6C2 /* Weather */,
				47FEEC2A230F3A9C0003B6C2 /* Products */,
			);
			sourceTree = "<group>";
		};
		47FEEC2A230F3A9C0003B6C2 /* Products */ = {
			isa = PBXGroup;
			children = (
				47FEEC29230F3A9C0003B6C2 /* Weather.app */,
			);
			name = Products;
			sourceTree = "<group>";
		};
		47FEEC2B230F3A9C0003B6C2 /* Weather */ = {
			isa = PBXGroup;
			children = (
				47FEEC2C230F3A9C0003B6C2 /* AppDelegate.swift */,
				47FEEC55231473FC0003B6C2 /* Constant.swift */,
				47FEEC4A2312BCE70003B6C2 /* Extension */,
				47FEEC4B2312BCF30003B6C2 /* Data */,
				47FEEC4D2312BD240003B6C2 /* API */,
				47FEEC4C2312BD050003B6C2 /* Controller */,
				47FEEC54231473A60003B6C2 /* View */,
				47FEEC30230F3A9C0003B6C2 /* Main.storyboard */,
				47FEEC33230F3A9D0003B6C2 /* Assets.xcassets */,
				47FEEC35230F3A9D0003B6C2 /* LaunchScreen.storyboard */,
				47FEEC38230F3A9D0003B6C2 /* Info.plist */,
				47FEEC592314951E0003B6C2 /* Weather.xcdatamodeld */,
			);
			path = Weather;
			sourceTree = "<group>";
		};
		47FEEC4A2312BCE70003B6C2 /* Extension */ = {
			isa = PBXGroup;
			children = (
				47FEEC4023118BB60003B6C2 /* UIColor.swift */,
				47FEEC422311CA6F0003B6C2 /* StringProtocol.swift */,
				47FEEC442311D78B0003B6C2 /* UIImage.swift */,
			);
			path = Extension;
			sourceTree = "<group>";
		};
		47FEEC4B2312BCF30003B6C2 /* Data */ = {
			isa = PBXGroup;
			children = (
				47FEEC3E230FF2A50003B6C2 /* WeatherData.swift */,
				47FEEC4E2312C77E0003B6C2 /* UVIndexData.swift */,
			);
			path = Data;
			sourceTree = "<group>";
		};
		47FEEC4C2312BD050003B6C2 /* Controller */ = {
			isa = PBXGroup;
			children = (
				47FEEC2E230F3A9C0003B6C2 /* MainViewController.swift */,
				47FEEC50231473670003B6C2 /* HistoryViewController.swift */,
			);
			path = Controller;
			sourceTree = "<group>";
		};
		47FEEC4D2312BD240003B6C2 /* API */ = {
			isa = PBXGroup;
			children = (
				47FEEC482312BA5A0003B6C2 /* URLSession.swift */,
			);
			path = API;
			sourceTree = "<group>";
		};
		47FEEC54231473A60003B6C2 /* View */ = {
			isa = PBXGroup;
			children = (
				47FEEC522314739C0003B6C2 /* HistoryTableViewCell.swift */,
			);
			path = View;
			sourceTree = "<group>";
		};
/* End PBXGroup section */

/* Begin PBXNativeTarget section */
		47FEEC28230F3A9C0003B6C2 /* Weather */ = {
			isa = PBXNativeTarget;
			buildConfigurationList = 47FEEC3B230F3A9D0003B6C2 /* Build configuration list for PBXNativeTarget "Weather" */;
			buildPhases = (
				47FEEC25230F3A9C0003B6C2 /* Sources */,
				47FEEC26230F3A9C0003B6C2 /* Frameworks */,
				47FEEC27230F3A9C0003B6C2 /* Resources */,
			);
			buildRules = (
			);
			dependencies = (
			);
			name = Weather;
			productName = Weather;
			productReference = 47FEEC29230F3A9C0003B6C2 /* Weather.app */;
			productType = "com.apple.product-type.application";
		};
/* End PBXNativeTarget section */

/* Begin PBXProject section */
		47FEEC21230F3A9C0003B6C2 /* Project object */ = {
			isa = PBXProject;
			attributes = {
				LastSwiftUpdateCheck = 1030;
				LastUpgradeCheck = 1030;
				ORGANIZATIONNAME = "Aleksandr Tsebrii";
				TargetAttributes = {
					47FEEC28230F3A9C0003B6C2 = {
						CreatedOnToolsVersion = 10.3;
					};
				};
			};
			buildConfigurationList = 47FEEC24230F3A9C0003B6C2 /* Build configuration list for PBXProject "Weather" */;
			compatibilityVersion = "Xcode 9.3";
			developmentRegion = en;
			hasScannedForEncodings = 0;
			knownRegions = (
				en,
				Base,
			);
			mainGroup = 47FEEC20230F3A9C0003B6C2;
			productRefGroup = 47FEEC2A230F3A9C0003B6C2 /* Products */;
			projectDirPath = "";
			projectRoot = "";
			targets = (
				47FEEC28230F3A9C0003B6C2 /* Weather */,
			);
		};
/* End PBXProject section */

/* Begin PBXResourcesBuildPhase section */
		47FEEC27230F3A9C0003B6C2 /* Resources */ = {
			isa = PBXResourcesBuildPhase;
			buildActionMask = 2147483647;
			files = (
				47FEEC37230F3A9D0003B6C2 /* LaunchScreen.storyboard in Resources */,
				47FEEC34230F3A9D0003B6C2 /* Assets.xcassets in Resources */,
				47FEEC32230F3A9C0003B6C2 /* Main.storyboard in Resources */,
			);
			runOnlyForDeploymentPostprocessing = 0;
		};
/* End PBXResourcesBuildPhase section */

/* Begin PBXSourcesBuildPhase section */
		47FEEC25230F3A9C0003B6C2 /* Sources */ = {
			isa = PBXSourcesBuildPhase;
			buildActionMask = 2147483647;
			files = (
				47FEEC2F230F3A9C0003B6C2 /* MainViewController.swift in Sources */,
				47FEEC4F2312C77E0003B6C2 /* UVIndexData.swift in Sources */,
				47FEEC5B2314951E0003B6C2 /* Weather.xcdatamodeld in Sources */,
				47FEEC432311CA6F0003B6C2 /* StringProtocol.swift in Sources */,
				47FEEC492312BA5A0003B6C2 /* URLSession.swift in Sources */,
				47FEEC532314739C0003B6C2 /* HistoryTableViewCell.swift in Sources */,
				47FEEC4123118BB60003B6C2 /* UIColor.swift in Sources */,
				47FEEC452311D78B0003B6C2 /* UIImage.swift in Sources */,
				47FEEC51231473670003B6C2 /* HistoryViewController.swift in Sources */,
				47FEEC56231473FC0003B6C2 /* Constant.swift in Sources */,
				47FEEC3F230FF2A50003B6C2 /* WeatherData.swift in Sources */,
				47FEEC2D230F3A9C0003B6C2 /* AppDelegate.swift in Sources */,
			);
			runOnlyForDeploymentPostprocessing = 0;
		};
/* End PBXSourcesBuildPhase section */

/* Begin PBXVariantGroup section */
		47FEEC30230F3A9C0003B6C2 /* Main.storyboard */ = {
			isa = PBXVariantGroup;
			children = (
				47FEEC31230F3A9C0003B6C2 /* Base */,
			);
			name = Main.storyboard;
			sourceTree = "<group>";
		};
		47FEEC35230F3A9D0003B6C2 /* LaunchScreen.storyboard */ = {
			isa = PBXVariantGroup;
			children = (
				47FEEC36230F3A9D0003B6C2 /* Base */,
			);
			name = LaunchScreen.storyboard;
			sourceTree = "<group>";
		};
/* End PBXVariantGroup section */

/* Begin XCBuildConfiguration section */
		47FEEC39230F3A9D0003B6C2 /* Debug */ = {
			isa = XCBuildConfiguration;
			buildSettings = {
				ALWAYS_SEARCH_USER_PATHS = NO;
				CLANG_ANALYZER_NONNULL = YES;
				CLANG_ANALYZER_NUMBER_OBJECT_CONVERSION = YES_AGGRESSIVE;
				CLANG_CXX_LANGUAGE_STANDARD = "gnu++14";
				CLANG_CXX_LIBRARY = "libc++";
				CLANG_ENABLE_MODULES = YES;
				CLANG_ENABLE_OBJC_ARC = YES;
				CLANG_ENABLE_OBJC_WEAK = YES;
				CLANG_WARN_BLOCK_CAPTURE_AUTORELEASING = YES;
				CLANG_WARN_BOOL_CONVERSION = YES;
				CLANG_WARN_COMMA = YES;
				CLANG_WARN_CONSTANT_CONVERSION = YES;
				CLANG_WARN_DEPRECATED_OBJC_IMPLEMENTATIONS = YES;
				CLANG_WARN_DIRECT_OBJC_ISA_USAGE = YES_ERROR;
				CLANG_WARN_DOCUMENTATION_COMMENTS = YES;
				CLANG_WARN_EMPTY_BODY = YES;
				CLANG_WARN_ENUM_CONVERSION = YES;
				CLANG_WARN_INFINITE_RECURSION = YES;
				CLANG_WARN_INT_CONVERSION = YES;
				CLANG_WARN_NON_LITERAL_NULL_CONVERSION = YES;
				CLANG_WARN_OBJC_IMPLICIT_RETAIN_SELF = YES;
				CLANG_WARN_OBJC_LITERAL_CONVERSION = YES;
				CLANG_WARN_OBJC_ROOT_CLASS = YES_ERROR;
				CLANG_WARN_RANGE_LOOP_ANALYSIS = YES;
				CLANG_WARN_STRICT_PROTOTYPES = YES;
				CLANG_WARN_SUSPICIOUS_MOVE = YES;
				CLANG_WARN_UNGUARDED_AVAILABILITY = YES_AGGRESSIVE;
				CLANG_WARN_UNREACHABLE_CODE = YES;
				CLANG_WARN__DUPLICATE_METHOD_MATCH = YES;
				CODE_SIGN_IDENTITY = "iPhone Developer";
				COPY_PHASE_STRIP = NO;
				DEBUG_INFORMATION_FORMAT = dwarf;
				ENABLE_STRICT_OBJC_MSGSEND = YES;
				ENABLE_TESTABILITY = YES;
				GCC_C_LANGUAGE_STANDARD = gnu11;
				GCC_DYNAMIC_NO_PIC = NO;
				GCC_NO_COMMON_BLOCKS = YES;
				GCC_OPTIMIZATION_LEVEL = 0;
				GCC_PREPROCESSOR_DEFINITIONS = (
					"DEBUG=1",
					"$(inherited)",
				);
				GCC_WARN_64_TO_32_BIT_CONVERSION = YES;
				GCC_WARN_ABOUT_RETURN_TYPE = YES_ERROR;
				GCC_WARN_UNDECLARED_SELECTOR = YES;
				GCC_WARN_UNINITIALIZED_AUTOS = YES_AGGRESSIVE;
				GCC_WARN_UNUSED_FUNCTION = YES;
				GCC_WARN_UNUSED_VARIABLE = YES;
				IPHONEOS_DEPLOYMENT_TARGET = 12.4;
				MTL_ENABLE_DEBUG_INFO = INCLUDE_SOURCE;
				MTL_FAST_MATH = YES;
				ONLY_ACTIVE_ARCH = YES;
				SDKROOT = iphoneos;
				SWIFT_ACTIVE_COMPILATION_CONDITIONS = DEBUG;
				SWIFT_OPTIMIZATION_LEVEL = "-Onone";
			};
			name = Debug;
		};
		47FEEC3A230F3A9D0003B6C2 /* Release */ = {
			isa = XCBuildConfiguration;
			buildSettings = {
				ALWAYS_SEARCH_USER_PATHS = NO;
				CLANG_ANALYZER_NONNULL = YES;
				CLANG_ANALYZER_NUMBER_OBJECT_CONVERSION = YES_AGGRESSIVE;
				CLANG_CXX_LANGUAGE_STANDARD = "gnu++14";
				CLANG_CXX_LIBRARY = "libc++";
				CLANG_ENABLE_MODULES = YES;
				CLANG_ENABLE_OBJC_ARC = YES;
				CLANG_ENABLE_OBJC_WEAK = YES;
				CLANG_WARN_BLOCK_CAPTURE_AUTORELEASING = YES;
				CLANG_WARN_BOOL_CONVERSION = YES;
				CLANG_WARN_COMMA = YES;
				CLANG_WARN_CONSTANT_CONVERSION = YES;
				CLANG_WARN_DEPRECATED_OBJC_IMPLEMENTATIONS = YES;
				CLANG_WARN_DIRECT_OBJC_ISA_USAGE = YES_ERROR;
				CLANG_WARN_DOCUMENTATION_COMMENTS = YES;
				CLANG_WARN_EMPTY_BODY = YES;
				CLANG_WARN_ENUM_CONVERSION = YES;
				CLANG_WARN_INFINITE_RECURSION = YES;
				CLANG_WARN_INT_CONVERSION = YES;
				CLANG_WARN_NON_LITERAL_NULL_CONVERSION = YES;
				CLANG_WARN_OBJC_IMPLICIT_RETAIN_SELF = YES;
				CLANG_WARN_OBJC_LITERAL_CONVERSION = YES;
				CLANG_WARN_OBJC_ROOT_CLASS = YES_ERROR;
				CLANG_WARN_RANGE_LOOP_ANALYSIS = YES;
				CLANG_WARN_STRICT_PROTOTYPES = YES;
				CLANG_WARN_SUSPICIOUS_MOVE = YES;
				CLANG_WARN_UNGUARDED_AVAILABILITY = YES_AGGRESSIVE;
				CLANG_WARN_UNREACHABLE_CODE = YES;
				CLANG_WARN__DUPLICATE_METHOD_MATCH = YES;
				CODE_SIGN_IDENTITY = "iPhone Developer";
				COPY_PHASE_STRIP = NO;
				DEBUG_INFORMATION_FORMAT = "dwarf-with-dsym";
				ENABLE_NS_ASSERTIONS = NO;
				ENABLE_STRICT_OBJC_MSGSEND = YES;
				GCC_C_LANGUAGE_STANDARD = gnu11;
				GCC_NO_COMMON_BLOCKS = YES;
				GCC_WARN_64_TO_32_BIT_CONVERSION = YES;
				GCC_WARN_ABOUT_RETURN_TYPE = YES_ERROR;
				GCC_WARN_UNDECLARED_SELECTOR = YES;
				GCC_WARN_UNINITIALIZED_AUTOS = YES_AGGRESSIVE;
				GCC_WARN_UNUSED_FUNCTION = YES;
				GCC_WARN_UNUSED_VARIABLE = YES;
				IPHONEOS_DEPLOYMENT_TARGET = 12.4;
				MTL_ENABLE_DEBUG_INFO = NO;
				MTL_FAST_MATH = YES;
				SDKROOT = iphoneos;
				SWIFT_COMPILATION_MODE = wholemodule;
				SWIFT_OPTIMIZATION_LEVEL = "-O";
				VALIDATE_PRODUCT = YES;
			};
			name = Release;
		};
		47FEEC3C230F3A9D0003B6C2 /* Debug */ = {
			isa = XCBuildConfiguration;
			buildSettings = {
				ASSETCATALOG_COMPILER_APPICON_NAME = AppIcon;
				CODE_SIGN_STYLE = Automatic;
				DEVELOPMENT_TEAM = B7MN8DCB97;
				INFOPLIST_FILE = Weather/Info.plist;
				IPHONEOS_DEPLOYMENT_TARGET = 12;
				LD_RUNPATH_SEARCH_PATHS = (
					"$(inherited)",
					"@executable_path/Frameworks",
				);
				PRODUCT_BUNDLE_IDENTIFIER = aleksandr.tsebrii.Weather;
				PRODUCT_NAME = "$(TARGET_NAME)";
				SWIFT_VERSION = 5.0;
				TARGETED_DEVICE_FAMILY = 1;
			};
			name = Debug;
		};
		47FEEC3D230F3A9D0003B6C2 /* Release */ = {
			isa = XCBuildConfiguration;
			buildSettings = {
				ASSETCATALOG_COMPILER_APPICON_NAME = AppIcon;
				CODE_SIGN_STYLE = Automatic;
				DEVELOPMENT_TEAM = B7MN8DCB97;
				INFOPLIST_FILE = Weather/Info.plist;
				IPHONEOS_DEPLOYMENT_TARGET = 12;
				LD_RUNPATH_SEARCH_PATHS = (
					"$(inherited)",
					"@executable_path/Frameworks",
				);
				PRODUCT_BUNDLE_IDENTIFIER = aleksandr.tsebrii.Weather;
				PRODUCT_NAME = "$(TARGET_NAME)";
				SWIFT_VERSION = 5.0;
				TARGETED_DEVICE_FAMILY = 1;
			};
			name = Release;
		};
/* End XCBuildConfiguration section */

/* Begin XCConfigurationList section */
		47FEEC24230F3A9C0003B6C2 /* Build configuration list for PBXProject "Weather" */ = {
			isa = XCConfigurationList;
			buildConfigurations = (
				47FEEC39230F3A9D0003B6C2 /* Debug */,
				47FEEC3A230F3A9D0003B6C2 /* Release */,
			);
			defaultConfigurationIsVisible = 0;
			defaultConfigurationName = Release;
		};
		47FEEC3B230F3A9D0003B6C2 /* Build configuration list for PBXNativeTarget "Weather" */ = {
			isa = XCConfigurationList;
			buildConfigurations = (
				47FEEC3C230F3A9D0003B6C2 /* Debug */,
				47FEEC3D230F3A9D0003B6C2 /* Release */,
			);
			defaultConfigurationIsVisible = 0;
			defaultConfigurationName = Release;
		};
/* End XCConfigurationList section */

/* Begin XCVersionGroup section */
		47FEEC592314951E0003B6C2 /* Weather.xcdatamodeld */ = {
			isa = XCVersionGroup;
			children = (
				47FEEC5A2314951E0003B6C2 /* Weather.xcdatamodel */,
			);
			currentVersion = 47FEEC5A2314951E0003B6C2 /* Weather.xcdatamodel */;
			path = Weather.xcdatamodeld;
			sourceTree = "<group>";
			versionGroupType = wrapper.xcdatamodel;
		};
/* End XCVersionGroup section */
	};
	rootObject = 47FEEC21230F3A9C0003B6C2 /* Project object */;
}
